
Microsoft Visual Studio Solution File, Format Version 12.00
# Visual Studio Version 17
VisualStudioVersion = 17.0.31903.59
MinimumVisualStudioVersion = 10.0.40219.1
Project("{FAE04EC0-301F-11D3-BF4B-00C04F79EFBC}") = "ChatServer", "ChatServer\ChatServer.csproj", "{DDBA20A2-6B99-420E-B16B-2B7B6329A9C0}"
EndProject
Project("{FAE04EC0-301F-11D3-BF4B-00C04F79EFBC}") = "ChatCommon", "ChatCommon\ChatCommon.csproj", "{5EFB4A3C-F0C2-4A13-9632-20E67F5B3442}"
EndProject
Project("{FAE04EC0-301F-11D3-BF4B-00C04F79EFBC}") = "ChatClientGUI", "ChatClientGUI\ChatClientGUI.csproj", "{155CAC2A-0724-462D-8DEF-4658E898EBD3}"
EndProject
Project("{FAE04EC0-301F-11D3-BF4B-00C04F79EFBC}") = "ChatAI", "ChatAI\ChatAI.csproj", "{C6D70D91-A3F5-44A6-B6A6-D93509430F08}"
EndProject
Global
	GlobalSection(SolutionConfigurationPlatforms) = preSolution
		Debug|Any CPU = Debug|Any CPU
		Debug|x64 = Debug|x64
		Debug|x86 = Debug|x86
		Release|Any CPU = Release|Any CPU
		Release|x64 = Release|x64
		Release|x86 = Release|x86
	EndGlobalSection
	GlobalSection(ProjectConfigurationPlatforms) = postSolution
		{DDBA20A2-6B99-420E-B16B-2B7B6329A9C0}.Debug|Any CPU.ActiveCfg = Debug|Any CPU
		{DDBA20A2-6B99-420E-B16B-2B7B6329A9C0}.Debug|Any CPU.Build.0 = Debug|Any CPU
		{DDBA20A2-6B99-420E-B16B-2B7B6329A9C0}.Debug|x64.ActiveCfg = Debug|Any CPU
		{DDBA20A2-6B99-420E-B16B-2B7B6329A9C0}.Debug|x64.Build.0 = Debug|Any CPU
		{DDBA20A2-6B99-420E-B16B-2B7B6329A9C0}.Debug|x86.ActiveCfg = Debug|Any CPU
		{DDBA20A2-6B99-420E-B16B-2B7B6329A9C0}.Debug|x86.Build.0 = Debug|Any CPU
		{DDBA20A2-6B99-420E-B16B-2B7B6329A9C0}.Release|Any CPU.ActiveCfg = Release|Any CPU
		{DDBA20A2-6B99-420E-B16B-2B7B6329A9C0}.Release|Any CPU.Build.0 = Release|Any CPU
		{DDBA20A2-6B99-420E-B16B-2B7B6329A9C0}.Release|x64.ActiveCfg = Release|Any CPU
		{DDBA20A2-6B99-420E-B16B-2B7B6329A9C0}.Release|x64.Build.0 = Release|Any CPU
		{DDBA20A2-6B99-420E-B16B-2B7B6329A9C0}.Release|x86.ActiveCfg = Release|Any CPU
		{DDBA20A2-6B99-420E-B16B-2B7B6329A9C0}.Release|x86.Build.0 = Release|Any CPU
		{5EFB4A3C-F0C2-4A13-9632-20E67F5B3442}.Debug|Any CPU.ActiveCfg = Debug|Any CPU
		{5EFB4A3C-F0C2-4A13-9632-20E67F5B3442}.Debug|Any CPU.Build.0 = Debug|Any CPU
		{5EFB4A3C-F0C2-4A13-9632-20E67F5B3442}.Debug|x64.ActiveCfg = Debug|Any CPU
		{5EFB4A3C-F0C2-4A13-9632-20E67F5B3442}.Debug|x64.Build.0 = Debug|Any CPU
		{5EFB4A3C-F0C2-4A13-9632-20E67F5B3442}.Debug|x86.ActiveCfg = Debug|Any CPU
		{5EFB4A3C-F0C2-4A13-9632-20E67F5B3442}.Debug|x86.Build.0 = Debug|Any CPU
		{5EFB4A3C-F0C2-4A13-9632-20E67F5B3442}.Release|Any CPU.ActiveCfg = Release|Any CPU
		{5EFB4A3C-F0C2-4A13-9632-20E67F5B3442}.Release|Any CPU.Build.0 = Release|Any CPU
		{5EFB4A3C-F0C2-4A13-9632-20E67F5B3442}.Release|x64.ActiveCfg = Release|Any CPU
		{5EFB4A3C-F0C2-4A13-9632-20E67F5B3442}.Release|x64.Build.0 = Release|Any CPU
		{5EFB4A3C-F0C2-4A13-9632-20E67F5B3442}.Release|x86.ActiveCfg = Release|Any CPU
		{5EFB4A3C-F0C2-4A13-9632-20E67F5B3442}.Release|x86.Build.0 = Release|Any CPU
		{155CAC2A-0724-462D-8DEF-4658E898EBD3}.Debug|Any CPU.ActiveCfg = Debug|Any CPU
		{155CAC2A-0724-462D-8DEF-4658E898EBD3}.Debug|Any CPU.Build.0 = Debug|Any CPU
		{155CAC2A-0724-462D-8DEF-4658E898EBD3}.Debug|x64.ActiveCfg = Debug|Any CPU
		{155CAC2A-0724-462D-8DEF-4658E898EBD3}.Debug|x64.Build.0 = Debug|Any CPU
		{155CAC2A-0724-462D-8DEF-4658E898EBD3}.Debug|x86.ActiveCfg = Debug|Any CPU
		{155CAC2A-0724-462D-8DEF-4658E898EBD3}.Debug|x86.Build.0 = Debug|Any CPU
		{155CAC2A-0724-462D-8DEF-4658E898EBD3}.Release|Any CPU.ActiveCfg = Release|Any CPU
		{155CAC2A-0724-462D-8DEF-4658E898EBD3}.Release|Any CPU.Build.0 = Release|Any CPU
		{155CAC2A-0724-462D-8DEF-4658E898EBD3}.Release|x64.ActiveCfg = Release|Any CPU
		{155CAC2A-0724-462D-8DEF-4658E898EBD3}.Release|x64.Build.0 = Release|Any CPU
		{155CAC2A-0724-462D-8DEF-4658E898EBD3}.Release|x86.ActiveCfg = Release|Any CPU
		{155CAC2A-0724-462D-8DEF-4658E898EBD3}.Release|x86.Build.0 = Release|Any CPU
		{C6D70D91-A3F5-44A6-B6A6-D93509430F08}.Debug|Any CPU.ActiveCfg = Debug|Any CPU
		{C6D70D91-A3F5-44A6-B6A6-D93509430F08}.Debug|Any CPU.Build.0 = Debug|Any CPU
		{C6D70D91-A3F5-44A6-B6A6-D93509430F08}.Debug|x64.ActiveCfg = Debug|Any CPU
		{C6D70D91-A3F5-44A6-B6A6-D93509430F08}.Debug|x64.Build.0 = Debug|Any CPU
		{C6D70D91-A3F5-44A6-B6A6-D93509430F08}.Debug|x86.ActiveCfg = Debug|Any CPU
		{C6D70D91-A3F5-44A6-B6A6-D93509430F08}.Debug|x86.Build.0 = Debug|Any CPU
		{C6D70D91-A3F5-44A6-B6A6-D93509430F08}.Release|Any CPU.ActiveCfg = Release|Any CPU
		{C6D70D91-A3F5-44A6-B6A6-D93509430F08}.Release|Any CPU.Build.0 = Release|Any CPU
		{C6D70D91-A3F5-44A6-B6A6-D93509430F08}.Release|x64.ActiveCfg = Release|Any CPU
		{C6D70D91-A3F5-44A6-B6A6-D93509430F08}.Release|x64.Build.0 = Release|Any CPU
		{C6D70D91-A3F5-44A6-B6A6-D93509430F08}.Release|x86.ActiveCfg = Release|Any CPU
		{C6D70D91-A3F5-44A6-B6A6-D93509430F08}.Release|x86.Build.0 = Release|Any CPU
	EndGlobalSection
	GlobalSection(SolutionProperties) = preSolution
		HideSolutionNode = FALSE
	EndGlobalSection
EndGlobal
