
Microsoft Visual Studio Solution File, Format Version 12.00
# Visual Studio Version 17
VisualStudioVersion = 17.14.36623.8
MinimumVisualStudioVersion = 10.0.40219.1
Project("{FAE04EC0-301F-11D3-BF4B-00C04F79EFBC}") = "ChatCommon", "ChatCommon\ChatCommon.csproj", "{588BBBD1-D07E-4D3E-AFCE-1D45877B3D08}"
EndProject
Project("{FAE04EC0-301F-11D3-BF4B-00C04F79EFBC}") = "ChatServer", "ChatServer\ChatServer.csproj", "{D6190819-DAC5-45AB-9C02-232097FD5147}"
EndProject
Project("{FAE04EC0-301F-11D3-BF4B-00C04F79EFBC}") = "SimpleClient", "SimpleClient\SimpleClient.csproj", "{56261891-5A33-45F9-A4EB-620CDE368936}"
EndProject
Global
	GlobalSection(SolutionConfigurationPlatforms) = preSolution
		Debug|Any CPU = Debug|Any CPU
		Release|Any CPU = Release|Any CPU
	EndGlobalSection
	GlobalSection(ProjectConfigurationPlatforms) = postSolution
		{588BBBD1-D07E-4D3E-AFCE-1D45877B3D08}.Debug|Any CPU.ActiveCfg = Debug|Any CPU
		{588BBBD1-D07E-4D3E-AFCE-1D45877B3D08}.Debug|Any CPU.Build.0 = Debug|Any CPU
		{588BBBD1-D07E-4D3E-AFCE-1D45877B3D08}.Release|Any CPU.ActiveCfg = Release|Any CPU
		{588BBBD1-D07E-4D3E-AFCE-1D45877B3D08}.Release|Any CPU.Build.0 = Release|Any CPU
		{D6190819-DAC5-45AB-9C02-232097FD5147}.Debug|Any CPU.ActiveCfg = Debug|Any CPU
		{D6190819-DAC5-45AB-9C02-232097FD5147}.Debug|Any CPU.Build.0 = Debug|Any CPU
		{D6190819-DAC5-45AB-9C02-232097FD5147}.Release|Any CPU.ActiveCfg = Release|Any CPU
		{D6190819-DAC5-45AB-9C02-232097FD5147}.Release|Any CPU.Build.0 = Release|Any CPU
		{56261891-5A33-45F9-A4EB-620CDE368936}.Debug|Any CPU.ActiveCfg = Debug|Any CPU
		{56261891-5A33-45F9-A4EB-620CDE368936}.Debug|Any CPU.Build.0 = Debug|Any CPU
		{56261891-5A33-45F9-A4EB-620CDE368936}.Release|Any CPU.ActiveCfg = Release|Any CPU
		{56261891-5A33-45F9-A4EB-620CDE368936}.Release|Any CPU.Build.0 = Release|Any CPU
	EndGlobalSection
	GlobalSection(SolutionProperties) = preSolution
		HideSolutionNode = FALSE
	EndGlobalSection
	GlobalSection(ExtensibilityGlobals) = postSolution
		SolutionGuid = {D892F54D-40A6-47F9-B967-2646F0BA9D47}
	EndGlobalSection
EndGlobal
