
Microsoft Visual Studio Solution File, Format Version 12.00
# Visual Studio Version 18
VisualStudioVersion = 18.0.11205.157 d18.0
MinimumVisualStudioVersion = 10.0.40219.1
Project("{FAE04EC0-301F-11D3-BF4B-00C04F79EFBC}") = "ChatAI", "ChatAI\ChatAI.csproj", "{F8194814-36D1-4743-8BF3-482F462A6483}"
EndProject
Project("{FAE04EC0-301F-11D3-BF4B-00C04F79EFBC}") = "ChatCommon", "ChatCommon\ChatCommon.csproj", "{2C3CDA5D-6B6A-BCE4-D4DD-A7373BCCD208}"
EndProject
Project("{FAE04EC0-301F-11D3-BF4B-00C04F79EFBC}") = "ChatClientGUI", "ChatClientGUI\ChatClientGUI.csproj", "{FE3295D4-3783-C391-A4B2-A8496C7F4E52}"
EndProject
Project("{FAE04EC0-301F-11D3-BF4B-00C04F79EFBC}") = "ChatServer", "ChatServer\ChatServer.csproj", "{B5A061BC-ADA6-341D-6A6B-9AE987D02BFD}"
EndProject
Global
	GlobalSection(SolutionConfigurationPlatforms) = preSolution
		Debug|Any CPU = Debug|Any CPU
		Release|Any CPU = Release|Any CPU
	EndGlobalSection
	GlobalSection(ProjectConfigurationPlatforms) = postSolution
		{F8194814-36D1-4743-8BF3-482F462A6483}.Debug|Any CPU.ActiveCfg = Debug|Any CPU
		{F8194814-36D1-4743-8BF3-482F462A6483}.Debug|Any CPU.Build.0 = Debug|Any CPU
		{F8194814-36D1-4743-8BF3-482F462A6483}.Release|Any CPU.ActiveCfg = Release|Any CPU
		{F8194814-36D1-4743-8BF3-482F462A6483}.Release|Any CPU.Build.0 = Release|Any CPU
		{2C3CDA5D-6B6A-BCE4-D4DD-A7373BCCD208}.Debug|Any CPU.ActiveCfg = Debug|Any CPU
		{2C3CDA5D-6B6A-BCE4-D4DD-A7373BCCD208}.Debug|Any CPU.Build.0 = Debug|Any CPU
		{2C3CDA5D-6B6A-BCE4-D4DD-A7373BCCD208}.Release|Any CPU.ActiveCfg = Release|Any CPU
		{2C3CDA5D-6B6A-BCE4-D4DD-A7373BCCD208}.Release|Any CPU.Build.0 = Release|Any CPU
		{FE3295D4-3783-C391-A4B2-A8496C7F4E52}.Debug|Any CPU.ActiveCfg = Debug|Any CPU
		{FE3295D4-3783-C391-A4B2-A8496C7F4E52}.Debug|Any CPU.Build.0 = Debug|Any CPU
		{FE3295D4-3783-C391-A4B2-A8496C7F4E52}.Release|Any CPU.ActiveCfg = Release|Any CPU
		{FE3295D4-3783-C391-A4B2-A8496C7F4E52}.Release|Any CPU.Build.0 = Release|Any CPU
		{B5A061BC-ADA6-341D-6A6B-9AE987D02BFD}.Debug|Any CPU.ActiveCfg = Debug|Any CPU
		{B5A061BC-ADA6-341D-6A6B-9AE987D02BFD}.Debug|Any CPU.Build.0 = Debug|Any CPU
		{B5A061BC-ADA6-341D-6A6B-9AE987D02BFD}.Release|Any CPU.ActiveCfg = Release|Any CPU
		{B5A061BC-ADA6-341D-6A6B-9AE987D02BFD}.Release|Any CPU.Build.0 = Release|Any CPU
	EndGlobalSection
	GlobalSection(SolutionProperties) = preSolution
		HideSolutionNode = FALSE
	EndGlobalSection
	GlobalSection(ExtensibilityGlobals) = postSolution
		SolutionGuid = {D892F54D-40A6-47F9-B967-2646F0BA9D47}
	EndGlobalSection
EndGlobal
